
Microsoft Visual Studio Solution File, Format Version 12.00
# Visual Studio Version 17
VisualStudioVersion = 17.4.33205.214
MinimumVisualStudioVersion = 10.0.40219.1
Project("{9A19103F-16F7-4668-BE54-9A1E7A4F7556}") = "AnimeX.UI", "AnimeX\AnimeX.UI.csproj", "{C367B794-D7C0-4D4D-BD47-CB32DDFAA811}"
EndProject
Project("{FAE04EC0-301F-11D3-BF4B-00C04F79EFBC}") = "AnimeX.EntityLayer", "EntityLayer\AnimeX.EntityLayer.csproj", "{6677FFD6-1ED5-43CF-BD35-871A42B7F730}"
EndProject
Project("{FAE04EC0-301F-11D3-BF4B-00C04F79EFBC}") = "AnimeX.DataAccessLayer", "DataAccessLayer\AnimeX.DataAccessLayer.csproj", "{D2902F3B-46C3-4197-BDE3-C1A5C161D4D3}"
EndProject
Project("{FAE04EC0-301F-11D3-BF4B-00C04F79EFBC}") = "AnimeX.BusinnessLayer", "BusinnessLayer\AnimeX.BusinnessLayer.csproj", "{5CD358F8-30F4-4679-9638-E567E1E7DE20}"
EndProject
Project("{FAE04EC0-301F-11D3-BF4B-00C04F79EFBC}") = "AnimeX.DtoLayer", "DtoLayer\AnimeX.DtoLayer.csproj", "{BD834C58-A6B7-4F89-85CD-DF22B77EC6FB}"
EndProject
Global
	GlobalSection(SolutionConfigurationPlatforms) = preSolution
		Debug|Any CPU = Debug|Any CPU
		Release|Any CPU = Release|Any CPU
	EndGlobalSection
	GlobalSection(ProjectConfigurationPlatforms) = postSolution
		{C367B794-D7C0-4D4D-BD47-CB32DDFAA811}.Debug|Any CPU.ActiveCfg = Debug|Any CPU
		{C367B794-D7C0-4D4D-BD47-CB32DDFAA811}.Debug|Any CPU.Build.0 = Debug|Any CPU
		{C367B794-D7C0-4D4D-BD47-CB32DDFAA811}.Release|Any CPU.ActiveCfg = Release|Any CPU
		{C367B794-D7C0-4D4D-BD47-CB32DDFAA811}.Release|Any CPU.Build.0 = Release|Any CPU
		{6677FFD6-1ED5-43CF-BD35-871A42B7F730}.Debug|Any CPU.ActiveCfg = Debug|Any CPU
		{6677FFD6-1ED5-43CF-BD35-871A42B7F730}.Debug|Any CPU.Build.0 = Debug|Any CPU
		{6677FFD6-1ED5-43CF-BD35-871A42B7F730}.Release|Any CPU.ActiveCfg = Release|Any CPU
		{6677FFD6-1ED5-43CF-BD35-871A42B7F730}.Release|Any CPU.Build.0 = Release|Any CPU
		{D2902F3B-46C3-4197-BDE3-C1A5C161D4D3}.Debug|Any CPU.ActiveCfg = Debug|Any CPU
		{D2902F3B-46C3-4197-BDE3-C1A5C161D4D3}.Debug|Any CPU.Build.0 = Debug|Any CPU
		{D2902F3B-46C3-4197-BDE3-C1A5C161D4D3}.Release|Any CPU.ActiveCfg = Release|Any CPU
		{D2902F3B-46C3-4197-BDE3-C1A5C161D4D3}.Release|Any CPU.Build.0 = Release|Any CPU
		{5CD358F8-30F4-4679-9638-E567E1E7DE20}.Debug|Any CPU.ActiveCfg = Debug|Any CPU
		{5CD358F8-30F4-4679-9638-E567E1E7DE20}.Debug|Any CPU.Build.0 = Debug|Any CPU
		{5CD358F8-30F4-4679-9638-E567E1E7DE20}.Release|Any CPU.ActiveCfg = Release|Any CPU
		{5CD358F8-30F4-4679-9638-E567E1E7DE20}.Release|Any CPU.Build.0 = Release|Any CPU
		{BD834C58-A6B7-4F89-85CD-DF22B77EC6FB}.Debug|Any CPU.ActiveCfg = Debug|Any CPU
		{BD834C58-A6B7-4F89-85CD-DF22B77EC6FB}.Debug|Any CPU.Build.0 = Debug|Any CPU
		{BD834C58-A6B7-4F89-85CD-DF22B77EC6FB}.Release|Any CPU.ActiveCfg = Release|Any CPU
		{BD834C58-A6B7-4F89-85CD-DF22B77EC6FB}.Release|Any CPU.Build.0 = Release|Any CPU
	EndGlobalSection
	GlobalSection(SolutionProperties) = preSolution
		HideSolutionNode = FALSE
	EndGlobalSection
	GlobalSection(ExtensibilityGlobals) = postSolution
		SolutionGuid = {FA493700-439E-4EC7-BC07-D320030D9084}
	EndGlobalSection
EndGlobal
